// !$*UTF8*$!
{
	archiveVersion = 1;
	classes = {
	};
	objectVersion = 56;
	objects = {

/* Begin PBXBuildFile section */
		429C686E2C0957F900DCC853 /* MeuDiarioDeLeituraApp.swift in Sources */ = {isa = PBXBuildFile; fileRef = 429C686D2C0957F900DCC853 /* MeuDiarioDeLeituraApp.swift */; };
		429C68742C0957FB00DCC853 /* Assets.xcassets in Resources */ = {isa = PBXBuildFile; fileRef = 429C68732C0957FB00DCC853 /* Assets.xcassets */; };
		429C68772C0957FB00DCC853 /* Preview Assets.xcassets in Resources */ = {isa = PBXBuildFile; fileRef = 429C68762C0957FB00DCC853 /* Preview Assets.xcassets */; };
		429C68812C0957FB00DCC853 /* MeuDiarioDeLeituraTests.swift in Sources */ = {isa = PBXBuildFile; fileRef = 429C68802C0957FB00DCC853 /* MeuDiarioDeLeituraTests.swift */; };
		429C688B2C0957FB00DCC853 /* MeuDiarioDeLeituraUITests.swift in Sources */ = {isa = PBXBuildFile; fileRef = 429C688A2C0957FB00DCC853 /* MeuDiarioDeLeituraUITests.swift */; };
		429C688D2C0957FB00DCC853 /* MeuDiarioDeLeituraUITestsLaunchTests.swift in Sources */ = {isa = PBXBuildFile; fileRef = 429C688C2C0957FB00DCC853 /* MeuDiarioDeLeituraUITestsLaunchTests.swift */; };
		429C689A2C0A530500DCC853 /* HomeView.swift in Sources */ = {isa = PBXBuildFile; fileRef = 429C68992C0A530500DCC853 /* HomeView.swift */; };
		429C689E2C0A559700DCC853 /* BookshelfService.swift in Sources */ = {isa = PBXBuildFile; fileRef = 429C689D2C0A559700DCC853 /* BookshelfService.swift */; };
		429C68A02C0A65E200DCC853 /* Book.swift in Sources */ = {isa = PBXBuildFile; fileRef = 429C689F2C0A65E200DCC853 /* Book.swift */; };
		429C68AA2C0AC8BA00DCC853 /* TagComponent.swift in Sources */ = {isa = PBXBuildFile; fileRef = 429C68A92C0AC8BA00DCC853 /* TagComponent.swift */; };
		429C68AD2C0CC7D700DCC853 /* BookData.xcdatamodeld in Sources */ = {isa = PBXBuildFile; fileRef = 429C68AB2C0CC7D700DCC853 /* BookData.xcdatamodeld */; };
		429C68B32C0E57D300DCC853 /* GoogleBook.swift in Sources */ = {isa = PBXBuildFile; fileRef = 429C68B22C0E57D300DCC853 /* GoogleBook.swift */; };
		429C68B52C0E5C2B00DCC853 /* GoogleBookDetailView.swift in Sources */ = {isa = PBXBuildFile; fileRef = 429C68B42C0E5C2B00DCC853 /* GoogleBookDetailView.swift */; };
		429C68B72C0E88B500DCC853 /* CardGoogleBookComponent.swift in Sources */ = {isa = PBXBuildFile; fileRef = 429C68B62C0E88B400DCC853 /* CardGoogleBookComponent.swift */; };
		429C68B92C0EB0FF00DCC853 /* AddBookToWishListSheet.swift in Sources */ = {isa = PBXBuildFile; fileRef = 429C68B82C0EB0FF00DCC853 /* AddBookToWishListSheet.swift */; };
		429C68BB2C0EB77200DCC853 /* BookCell.swift in Sources */ = {isa = PBXBuildFile; fileRef = 429C68BA2C0EB77100DCC853 /* BookCell.swift */; };
		429C68BD2C0EBA3A00DCC853 /* UpdateBookToWishList.swift in Sources */ = {isa = PBXBuildFile; fileRef = 429C68BC2C0EBA3A00DCC853 /* UpdateBookToWishList.swift */; };
/* End PBXBuildFile section */

/* Begin PBXContainerItemProxy section */
		429C687D2C0957FB00DCC853 /* PBXContainerItemProxy */ = {
			isa = PBXContainerItemProxy;
			containerPortal = 429C68622C0957F900DCC853 /* Project object */;
			proxyType = 1;
			remoteGlobalIDString = 429C68692C0957F900DCC853;
			remoteInfo = MeuDiarioDeLeitura;
		};
		429C68872C0957FB00DCC853 /* PBXContainerItemProxy */ = {
			isa = PBXContainerItemProxy;
			containerPortal = 429C68622C0957F900DCC853 /* Project object */;
			proxyType = 1;
			remoteGlobalIDString = 429C68692C0957F900DCC853;
			remoteInfo = MeuDiarioDeLeitura;
		};
/* End PBXContainerItemProxy section */

/* Begin PBXFileReference section */
		429C686A2C0957F900DCC853 /* MeuDiarioDeLeitura.app */ = {isa = PBXFileReference; explicitFileType = wrapper.application; includeInIndex = 0; path = MeuDiarioDeLeitura.app; sourceTree = BUILT_PRODUCTS_DIR; };
		429C686D2C0957F900DCC853 /* MeuDiarioDeLeituraApp.swift */ = {isa = PBXFileReference; lastKnownFileType = sourcecode.swift; path = MeuDiarioDeLeituraApp.swift; sourceTree = "<group>"; };
		429C68732C0957FB00DCC853 /* Assets.xcassets */ = {isa = PBXFileReference; lastKnownFileType = folder.assetcatalog; path = Assets.xcassets; sourceTree = "<group>"; };
		429C68762C0957FB00DCC853 /* Preview Assets.xcassets */ = {isa = PBXFileReference; lastKnownFileType = folder.assetcatalog; path = "Preview Assets.xcassets"; sourceTree = "<group>"; };
		429C687C2C0957FB00DCC853 /* MeuDiarioDeLeituraTests.xctest */ = {isa = PBXFileReference; explicitFileType = wrapper.cfbundle; includeInIndex = 0; path = MeuDiarioDeLeituraTests.xctest; sourceTree = BUILT_PRODUCTS_DIR; };
		429C68802C0957FB00DCC853 /* MeuDiarioDeLeituraTests.swift */ = {isa = PBXFileReference; lastKnownFileType = sourcecode.swift; path = MeuDiarioDeLeituraTests.swift; sourceTree = "<group>"; };
		429C68862C0957FB00DCC853 /* MeuDiarioDeLeituraUITests.xctest */ = {isa = PBXFileReference; explicitFileType = wrapper.cfbundle; includeInIndex = 0; path = MeuDiarioDeLeituraUITests.xctest; sourceTree = BUILT_PRODUCTS_DIR; };
		429C688A2C0957FB00DCC853 /* MeuDiarioDeLeituraUITests.swift */ = {isa = PBXFileReference; lastKnownFileType = sourcecode.swift; path = MeuDiarioDeLeituraUITests.swift; sourceTree = "<group>"; };
		429C688C2C0957FB00DCC853 /* MeuDiarioDeLeituraUITestsLaunchTests.swift */ = {isa = PBXFileReference; lastKnownFileType = sourcecode.swift; path = MeuDiarioDeLeituraUITestsLaunchTests.swift; sourceTree = "<group>"; };
		429C68992C0A530500DCC853 /* HomeView.swift */ = {isa = PBXFileReference; lastKnownFileType = sourcecode.swift; path = HomeView.swift; sourceTree = "<group>"; };
		429C689D2C0A559700DCC853 /* BookshelfService.swift */ = {isa = PBXFileReference; lastKnownFileType = sourcecode.swift; path = BookshelfService.swift; sourceTree = "<group>"; };
		429C689F2C0A65E200DCC853 /* Book.swift */ = {isa = PBXFileReference; lastKnownFileType = sourcecode.swift; path = Book.swift; sourceTree = "<group>"; };
		429C68A92C0AC8BA00DCC853 /* TagComponent.swift */ = {isa = PBXFileReference; lastKnownFileType = sourcecode.swift; path = TagComponent.swift; sourceTree = "<group>"; };
		429C68AC2C0CC7D700DCC853 /* BookModel.xcdatamodel */ = {isa = PBXFileReference; lastKnownFileType = wrapper.xcdatamodel; path = BookModel.xcdatamodel; sourceTree = "<group>"; };
		429C68B22C0E57D300DCC853 /* GoogleBook.swift */ = {isa = PBXFileReference; lastKnownFileType = sourcecode.swift; path = GoogleBook.swift; sourceTree = "<group>"; };
		429C68B42C0E5C2B00DCC853 /* GoogleBookDetailView.swift */ = {isa = PBXFileReference; lastKnownFileType = sourcecode.swift; path = GoogleBookDetailView.swift; sourceTree = "<group>"; };
		429C68B62C0E88B400DCC853 /* CardGoogleBookComponent.swift */ = {isa = PBXFileReference; lastKnownFileType = sourcecode.swift; path = CardGoogleBookComponent.swift; sourceTree = "<group>"; };
		429C68B82C0EB0FF00DCC853 /* AddBookToWishListSheet.swift */ = {isa = PBXFileReference; lastKnownFileType = sourcecode.swift; path = AddBookToWishListSheet.swift; sourceTree = "<group>"; };
		429C68BA2C0EB77100DCC853 /* BookCell.swift */ = {isa = PBXFileReference; lastKnownFileType = sourcecode.swift; path = BookCell.swift; sourceTree = "<group>"; };
		429C68BC2C0EBA3A00DCC853 /* UpdateBookToWishList.swift */ = {isa = PBXFileReference; lastKnownFileType = sourcecode.swift; path = UpdateBookToWishList.swift; sourceTree = "<group>"; };
/* End PBXFileReference section */

/* Begin PBXFrameworksBuildPhase section */
		429C68672C0957F900DCC853 /* Frameworks */ = {
			isa = PBXFrameworksBuildPhase;
			buildActionMask = 2147483647;
			files = (
			);
			runOnlyForDeploymentPostprocessing = 0;
		};
		429C68792C0957FB00DCC853 /* Frameworks */ = {
			isa = PBXFrameworksBuildPhase;
			buildActionMask = 2147483647;
			files = (
			);
			runOnlyForDeploymentPostprocessing = 0;
		};
		429C68832C0957FB00DCC853 /* Frameworks */ = {
			isa = PBXFrameworksBuildPhase;
			buildActionMask = 2147483647;
			files = (
			);
			runOnlyForDeploymentPostprocessing = 0;
		};
/* End PBXFrameworksBuildPhase section */

/* Begin PBXGroup section */
		429C68612C0957F900DCC853 = {
			isa = PBXGroup;
			children = (
				429C68A82C0ABFBC00DCC853 /* Models */,
				429C68A32C0ABF3600DCC853 /* Components */,
				429C686C2C0957F900DCC853 /* MeuDiarioDeLeitura */,
				429C687F2C0957FB00DCC853 /* MeuDiarioDeLeituraTests */,
				429C68892C0957FB00DCC853 /* MeuDiarioDeLeituraUITests */,
				429C686B2C0957F900DCC853 /* Products */,
			);
			sourceTree = "<group>";
		};
		429C686B2C0957F900DCC853 /* Products */ = {
			isa = PBXGroup;
			children = (
				429C686A2C0957F900DCC853 /* MeuDiarioDeLeitura.app */,
				429C687C2C0957FB00DCC853 /* MeuDiarioDeLeituraTests.xctest */,
				429C68862C0957FB00DCC853 /* MeuDiarioDeLeituraUITests.xctest */,
			);
			name = Products;
			sourceTree = "<group>";
		};
		429C686C2C0957F900DCC853 /* MeuDiarioDeLeitura */ = {
			isa = PBXGroup;
			children = (
				429C686D2C0957F900DCC853 /* MeuDiarioDeLeituraApp.swift */,
				429C68992C0A530500DCC853 /* HomeView.swift */,
				429C689D2C0A559700DCC853 /* BookshelfService.swift */,
				429C68B42C0E5C2B00DCC853 /* GoogleBookDetailView.swift */,
				429C68B82C0EB0FF00DCC853 /* AddBookToWishListSheet.swift */,
				429C68BC2C0EBA3A00DCC853 /* UpdateBookToWishList.swift */,
				429C68732C0957FB00DCC853 /* Assets.xcassets */,
				429C68AB2C0CC7D700DCC853 /* BookData.xcdatamodeld */,
				429C68752C0957FB00DCC853 /* Preview Content */,
			);
			path = MeuDiarioDeLeitura;
			sourceTree = "<group>";
		};
		429C68752C0957FB00DCC853 /* Preview Content */ = {
			isa = PBXGroup;
			children = (
				429C68762C0957FB00DCC853 /* Preview Assets.xcassets */,
			);
			path = "Preview Content";
			sourceTree = "<group>";
		};
		429C687F2C0957FB00DCC853 /* MeuDiarioDeLeituraTests */ = {
			isa = PBXGroup;
			children = (
				429C68802C0957FB00DCC853 /* MeuDiarioDeLeituraTests.swift */,
			);
			path = MeuDiarioDeLeituraTests;
			sourceTree = "<group>";
		};
		429C68892C0957FB00DCC853 /* MeuDiarioDeLeituraUITests */ = {
			isa = PBXGroup;
			children = (
				429C688A2C0957FB00DCC853 /* MeuDiarioDeLeituraUITests.swift */,
				429C688C2C0957FB00DCC853 /* MeuDiarioDeLeituraUITestsLaunchTests.swift */,
			);
			path = MeuDiarioDeLeituraUITests;
			sourceTree = "<group>";
		};
		429C68A32C0ABF3600DCC853 /* Components */ = {
			isa = PBXGroup;
			children = (
				429C68A92C0AC8BA00DCC853 /* TagComponent.swift */,
				429C68B62C0E88B400DCC853 /* CardGoogleBookComponent.swift */,
				429C68BA2C0EB77100DCC853 /* BookCell.swift */,
			);
			path = Components;
			sourceTree = "<group>";
		};
		429C68A82C0ABFBC00DCC853 /* Models */ = {
			isa = PBXGroup;
			children = (
				429C689F2C0A65E200DCC853 /* Book.swift */,
				429C68B22C0E57D300DCC853 /* GoogleBook.swift */,
			);
			path = Models;
			sourceTree = "<group>";
		};
/* End PBXGroup section */

/* Begin PBXNativeTarget section */
		429C68692C0957F900DCC853 /* MeuDiarioDeLeitura */ = {
			isa = PBXNativeTarget;
			buildConfigurationList = 429C68902C0957FB00DCC853 /* Build configuration list for PBXNativeTarget "MeuDiarioDeLeitura" */;
			buildPhases = (
				429C68662C0957F900DCC853 /* Sources */,
				429C68672C0957F900DCC853 /* Frameworks */,
				429C68682C0957F900DCC853 /* Resources */,
			);
			buildRules = (
			);
			dependencies = (
			);
			name = MeuDiarioDeLeitura;
			productName = MeuDiarioDeLeitura;
			productReference = 429C686A2C0957F900DCC853 /* MeuDiarioDeLeitura.app */;
			productType = "com.apple.product-type.application";
		};
		429C687B2C0957FB00DCC853 /* MeuDiarioDeLeituraTests */ = {
			isa = PBXNativeTarget;
			buildConfigurationList = 429C68932C0957FB00DCC853 /* Build configuration list for PBXNativeTarget "MeuDiarioDeLeituraTests" */;
			buildPhases = (
				429C68782C0957FB00DCC853 /* Sources */,
				429C68792C0957FB00DCC853 /* Frameworks */,
				429C687A2C0957FB00DCC853 /* Resources */,
			);
			buildRules = (
			);
			dependencies = (
				429C687E2C0957FB00DCC853 /* PBXTargetDependency */,
			);
			name = MeuDiarioDeLeituraTests;
			productName = MeuDiarioDeLeituraTests;
			productReference = 429C687C2C0957FB00DCC853 /* MeuDiarioDeLeituraTests.xctest */;
			productType = "com.apple.product-type.bundle.unit-test";
		};
		429C68852C0957FB00DCC853 /* MeuDiarioDeLeituraUITests */ = {
			isa = PBXNativeTarget;
			buildConfigurationList = 429C68962C0957FB00DCC853 /* Build configuration list for PBXNativeTarget "MeuDiarioDeLeituraUITests" */;
			buildPhases = (
				429C68822C0957FB00DCC853 /* Sources */,
				429C68832C0957FB00DCC853 /* Frameworks */,
				429C68842C0957FB00DCC853 /* Resources */,
			);
			buildRules = (
			);
			dependencies = (
				429C68882C0957FB00DCC853 /* PBXTargetDependency */,
			);
			name = MeuDiarioDeLeituraUITests;
			productName = MeuDiarioDeLeituraUITests;
			productReference = 429C68862C0957FB00DCC853 /* MeuDiarioDeLeituraUITests.xctest */;
			productType = "com.apple.product-type.bundle.ui-testing";
		};
/* End PBXNativeTarget section */

/* Begin PBXProject section */
		429C68622C0957F900DCC853 /* Project object */ = {
			isa = PBXProject;
			attributes = {
				BuildIndependentTargetsInParallel = 1;
				LastSwiftUpdateCheck = 1540;
				LastUpgradeCheck = 1540;
				TargetAttributes = {
					429C68692C0957F900DCC853 = {
						CreatedOnToolsVersion = 15.4;
					};
					429C687B2C0957FB00DCC853 = {
						CreatedOnToolsVersion = 15.4;
						TestTargetID = 429C68692C0957F900DCC853;
					};
					429C68852C0957FB00DCC853 = {
						CreatedOnToolsVersion = 15.4;
						TestTargetID = 429C68692C0957F900DCC853;
					};
				};
			};
			buildConfigurationList = 429C68652C0957F900DCC853 /* Build configuration list for PBXProject "MeuDiarioDeLeitura" */;
			compatibilityVersion = "Xcode 14.0";
			developmentRegion = en;
			hasScannedForEncodings = 0;
			knownRegions = (
				en,
				Base,
			);
			mainGroup = 429C68612C0957F900DCC853;
			productRefGroup = 429C686B2C0957F900DCC853 /* Products */;
			projectDirPath = "";
			projectRoot = "";
			targets = (
				429C68692C0957F900DCC853 /* MeuDiarioDeLeitura */,
				429C687B2C0957FB00DCC853 /* MeuDiarioDeLeituraTests */,
				429C68852C0957FB00DCC853 /* MeuDiarioDeLeituraUITests */,
			);
		};
/* End PBXProject section */

/* Begin PBXResourcesBuildPhase section */
		429C68682C0957F900DCC853 /* Resources */ = {
			isa = PBXResourcesBuildPhase;
			buildActionMask = 2147483647;
			files = (
				429C68772C0957FB00DCC853 /* Preview Assets.xcassets in Resources */,
				429C68742C0957FB00DCC853 /* Assets.xcassets in Resources */,
			);
			runOnlyForDeploymentPostprocessing = 0;
		};
		429C687A2C0957FB00DCC853 /* Resources */ = {
			isa = PBXResourcesBuildPhase;
			buildActionMask = 2147483647;
			files = (
			);
			runOnlyForDeploymentPostprocessing = 0;
		};
		429C68842C0957FB00DCC853 /* Resources */ = {
			isa = PBXResourcesBuildPhase;
			buildActionMask = 2147483647;
			files = (
			);
			runOnlyForDeploymentPostprocessing = 0;
		};
/* End PBXResourcesBuildPhase section */

/* Begin PBXSourcesBuildPhase section */
		429C68662C0957F900DCC853 /* Sources */ = {
			isa = PBXSourcesBuildPhase;
			buildActionMask = 2147483647;
			files = (
				429C68B32C0E57D300DCC853 /* GoogleBook.swift in Sources */,
				429C689A2C0A530500DCC853 /* HomeView.swift in Sources */,
				429C68B92C0EB0FF00DCC853 /* AddBookToWishListSheet.swift in Sources */,
				429C68BB2C0EB77200DCC853 /* BookCell.swift in Sources */,
				429C68A02C0A65E200DCC853 /* Book.swift in Sources */,
				429C689E2C0A559700DCC853 /* BookshelfService.swift in Sources */,
				429C68B52C0E5C2B00DCC853 /* GoogleBookDetailView.swift in Sources */,
				429C686E2C0957F900DCC853 /* MeuDiarioDeLeituraApp.swift in Sources */,
				429C68BD2C0EBA3A00DCC853 /* UpdateBookToWishList.swift in Sources */,
				429C68AA2C0AC8BA00DCC853 /* TagComponent.swift in Sources */,
				429C68B72C0E88B500DCC853 /* CardGoogleBookComponent.swift in Sources */,
				429C68AD2C0CC7D700DCC853 /* BookData.xcdatamodeld in Sources */,
			);
			runOnlyForDeploymentPostprocessing = 0;
		};
		429C68782C0957FB00DCC853 /* Sources */ = {
			isa = PBXSourcesBuildPhase;
			buildActionMask = 2147483647;
			files = (
				429C68812C0957FB00DCC853 /* MeuDiarioDeLeituraTests.swift in Sources */,
			);
			runOnlyForDeploymentPostprocessing = 0;
		};
		429C68822C0957FB00DCC853 /* Sources */ = {
			isa = PBXSourcesBuildPhase;
			buildActionMask = 2147483647;
			files = (
				429C688D2C0957FB00DCC853 /* MeuDiarioDeLeituraUITestsLaunchTests.swift in Sources */,
				429C688B2C0957FB00DCC853 /* MeuDiarioDeLeituraUITests.swift in Sources */,
			);
			runOnlyForDeploymentPostprocessing = 0;
		};
/* End PBXSourcesBuildPhase section */

/* Begin PBXTargetDependency section */
		429C687E2C0957FB00DCC853 /* PBXTargetDependency */ = {
			isa = PBXTargetDependency;
			target = 429C68692C0957F900DCC853 /* MeuDiarioDeLeitura */;
			targetProxy = 429C687D2C0957FB00DCC853 /* PBXContainerItemProxy */;
		};
		429C68882C0957FB00DCC853 /* PBXTargetDependency */ = {
			isa = PBXTargetDependency;
			target = 429C68692C0957F900DCC853 /* MeuDiarioDeLeitura */;
			targetProxy = 429C68872C0957FB00DCC853 /* PBXContainerItemProxy */;
		};
/* End PBXTargetDependency section */

/* Begin XCBuildConfiguration section */
		429C688E2C0957FB00DCC853 /* Debug */ = {
			isa = XCBuildConfiguration;
			buildSettings = {
				ALWAYS_SEARCH_USER_PATHS = NO;
				ASSETCATALOG_COMPILER_GENERATE_SWIFT_ASSET_SYMBOL_EXTENSIONS = YES;
				CLANG_ANALYZER_NONNULL = YES;
				CLANG_ANALYZER_NUMBER_OBJECT_CONVERSION = YES_AGGRESSIVE;
				CLANG_CXX_LANGUAGE_STANDARD = "gnu++20";
				CLANG_ENABLE_MODULES = YES;
				CLANG_ENABLE_OBJC_ARC = YES;
				CLANG_ENABLE_OBJC_WEAK = YES;
				CLANG_WARN_BLOCK_CAPTURE_AUTORELEASING = YES;
				CLANG_WARN_BOOL_CONVERSION = YES;
				CLANG_WARN_COMMA = YES;
				CLANG_WARN_CONSTANT_CONVERSION = YES;
				CLANG_WARN_DEPRECATED_OBJC_IMPLEMENTATIONS = YES;
				CLANG_WARN_DIRECT_OBJC_ISA_USAGE = YES_ERROR;
				CLANG_WARN_DOCUMENTATION_COMMENTS = YES;
				CLANG_WARN_EMPTY_BODY = YES;
				CLANG_WARN_ENUM_CONVERSION = YES;
				CLANG_WARN_INFINITE_RECURSION = YES;
				CLANG_WARN_INT_CONVERSION = YES;
				CLANG_WARN_NON_LITERAL_NULL_CONVERSION = YES;
				CLANG_WARN_OBJC_IMPLICIT_RETAIN_SELF = YES;
				CLANG_WARN_OBJC_LITERAL_CONVERSION = YES;
				CLANG_WARN_OBJC_ROOT_CLASS = YES_ERROR;
				CLANG_WARN_QUOTED_INCLUDE_IN_FRAMEWORK_HEADER = YES;
				CLANG_WARN_RANGE_LOOP_ANALYSIS = YES;
				CLANG_WARN_STRICT_PROTOTYPES = YES;
				CLANG_WARN_SUSPICIOUS_MOVE = YES;
				CLANG_WARN_UNGUARDED_AVAILABILITY = YES_AGGRESSIVE;
				CLANG_WARN_UNREACHABLE_CODE = YES;
				CLANG_WARN__DUPLICATE_METHOD_MATCH = YES;
				COPY_PHASE_STRIP = NO;
				DEBUG_INFORMATION_FORMAT = dwarf;
				ENABLE_STRICT_OBJC_MSGSEND = YES;
				ENABLE_TESTABILITY = YES;
				ENABLE_USER_SCRIPT_SANDBOXING = YES;
				GCC_C_LANGUAGE_STANDARD = gnu17;
				GCC_DYNAMIC_NO_PIC = NO;
				GCC_NO_COMMON_BLOCKS = YES;
				GCC_OPTIMIZATION_LEVEL = 0;
				GCC_PREPROCESSOR_DEFINITIONS = (
					"DEBUG=1",
					"$(inherited)",
				);
				GCC_WARN_64_TO_32_BIT_CONVERSION = YES;
				GCC_WARN_ABOUT_RETURN_TYPE = YES_ERROR;
				GCC_WARN_UNDECLARED_SELECTOR = YES;
				GCC_WARN_UNINITIALIZED_AUTOS = YES_AGGRESSIVE;
				GCC_WARN_UNUSED_FUNCTION = YES;
				GCC_WARN_UNUSED_VARIABLE = YES;
				IPHONEOS_DEPLOYMENT_TARGET = 17.5;
				LOCALIZATION_PREFERS_STRING_CATALOGS = YES;
				MTL_ENABLE_DEBUG_INFO = INCLUDE_SOURCE;
				MTL_FAST_MATH = YES;
				ONLY_ACTIVE_ARCH = YES;
				SDKROOT = iphoneos;
				SWIFT_ACTIVE_COMPILATION_CONDITIONS = "DEBUG $(inherited)";
				SWIFT_OPTIMIZATION_LEVEL = "-Onone";
			};
			name = Debug;
		};
		429C688F2C0957FB00DCC853 /* Release */ = {
			isa = XCBuildConfiguration;
			buildSettings = {
				ALWAYS_SEARCH_USER_PATHS = NO;
				ASSETCATALOG_COMPILER_GENERATE_SWIFT_ASSET_SYMBOL_EXTENSIONS = YES;
				CLANG_ANALYZER_NONNULL = YES;
				CLANG_ANALYZER_NUMBER_OBJECT_CONVERSION = YES_AGGRESSIVE;
				CLANG_CXX_LANGUAGE_STANDARD = "gnu++20";
				CLANG_ENABLE_MODULES = YES;
				CLANG_ENABLE_OBJC_ARC = YES;
				CLANG_ENABLE_OBJC_WEAK = YES;
				CLANG_WARN_BLOCK_CAPTURE_AUTORELEASING = YES;
				CLANG_WARN_BOOL_CONVERSION = YES;
				CLANG_WARN_COMMA = YES;
				CLANG_WARN_CONSTANT_CONVERSION = YES;
				CLANG_WARN_DEPRECATED_OBJC_IMPLEMENTATIONS = YES;
				CLANG_WARN_DIRECT_OBJC_ISA_USAGE = YES_ERROR;
				CLANG_WARN_DOCUMENTATION_COMMENTS = YES;
				CLANG_WARN_EMPTY_BODY = YES;
				CLANG_WARN_ENUM_CONVERSION = YES;
				CLANG_WARN_INFINITE_RECURSION = YES;
				CLANG_WARN_INT_CONVERSION = YES;
				CLANG_WARN_NON_LITERAL_NULL_CONVERSION = YES;
				CLANG_WARN_OBJC_IMPLICIT_RETAIN_SELF = YES;
				CLANG_WARN_OBJC_LITERAL_CONVERSION = YES;
				CLANG_WARN_OBJC_ROOT_CLASS = YES_ERROR;
				CLANG_WARN_QUOTED_INCLUDE_IN_FRAMEWORK_HEADER = YES;
				CLANG_WARN_RANGE_LOOP_ANALYSIS = YES;
				CLANG_WARN_STRICT_PROTOTYPES = YES;
				CLANG_WARN_SUSPICIOUS_MOVE = YES;
				CLANG_WARN_UNGUARDED_AVAILABILITY = YES_AGGRESSIVE;
				CLANG_WARN_UNREACHABLE_CODE = YES;
				CLANG_WARN__DUPLICATE_METHOD_MATCH = YES;
				COPY_PHASE_STRIP = NO;
				DEBUG_INFORMATION_FORMAT = "dwarf-with-dsym";
				ENABLE_NS_ASSERTIONS = NO;
				ENABLE_STRICT_OBJC_MSGSEND = YES;
				ENABLE_USER_SCRIPT_SANDBOXING = YES;
				GCC_C_LANGUAGE_STANDARD = gnu17;
				GCC_NO_COMMON_BLOCKS = YES;
				GCC_WARN_64_TO_32_BIT_CONVERSION = YES;
				GCC_WARN_ABOUT_RETURN_TYPE = YES_ERROR;
				GCC_WARN_UNDECLARED_SELECTOR = YES;
				GCC_WARN_UNINITIALIZED_AUTOS = YES_AGGRESSIVE;
				GCC_WARN_UNUSED_FUNCTION = YES;
				GCC_WARN_UNUSED_VARIABLE = YES;
				IPHONEOS_DEPLOYMENT_TARGET = 17.5;
				LOCALIZATION_PREFERS_STRING_CATALOGS = YES;
				MTL_ENABLE_DEBUG_INFO = NO;
				MTL_FAST_MATH = YES;
				SDKROOT = iphoneos;
				SWIFT_COMPILATION_MODE = wholemodule;
				VALIDATE_PRODUCT = YES;
			};
			name = Release;
		};
		429C68912C0957FB00DCC853 /* Debug */ = {
			isa = XCBuildConfiguration;
			buildSettings = {
				ASSETCATALOG_COMPILER_APPICON_NAME = AppIcon;
				ASSETCATALOG_COMPILER_GLOBAL_ACCENT_COLOR_NAME = AccentColor;
				CODE_SIGN_STYLE = Automatic;
				CURRENT_PROJECT_VERSION = 1;
				DEVELOPMENT_ASSET_PATHS = "\"MeuDiarioDeLeitura/Preview Content\"";
				DEVELOPMENT_TEAM = YXAD2TUP98;
				ENABLE_PREVIEWS = YES;
				GENERATE_INFOPLIST_FILE = YES;
				INFOPLIST_KEY_UIApplicationSceneManifest_Generation = YES;
				INFOPLIST_KEY_UIApplicationSupportsIndirectInputEvents = YES;
				INFOPLIST_KEY_UILaunchScreen_Generation = YES;
				INFOPLIST_KEY_UISupportedInterfaceOrientations_iPad = "UIInterfaceOrientationPortrait UIInterfaceOrientationPortraitUpsideDown UIInterfaceOrientationLandscapeLeft UIInterfaceOrientationLandscapeRight";
				INFOPLIST_KEY_UISupportedInterfaceOrientations_iPhone = "UIInterfaceOrientationPortrait UIInterfaceOrientationLandscapeLeft UIInterfaceOrientationLandscapeRight";
				LD_RUNPATH_SEARCH_PATHS = (
					"$(inherited)",
					"@executable_path/Frameworks",
				);
				MARKETING_VERSION = 1.0;
				PRODUCT_BUNDLE_IDENTIFIER = com.joshuaramos.MeuDiarioDeLeitura;
				PRODUCT_NAME = "$(TARGET_NAME)";
				SWIFT_EMIT_LOC_STRINGS = YES;
				SWIFT_VERSION = 5.0;
				TARGETED_DEVICE_FAMILY = "1,2";
			};
			name = Debug;
		};
		429C68922C0957FB00DCC853 /* Release */ = {
			isa = XCBuildConfiguration;
			buildSettings = {
				ASSETCATALOG_COMPILER_APPICON_NAME = AppIcon;
				ASSETCATALOG_COMPILER_GLOBAL_ACCENT_COLOR_NAME = AccentColor;
				CODE_SIGN_STYLE = Automatic;
				CURRENT_PROJECT_VERSION = 1;
				DEVELOPMENT_ASSET_PATHS = "\"MeuDiarioDeLeitura/Preview Content\"";
				DEVELOPMENT_TEAM = YXAD2TUP98;
				ENABLE_PREVIEWS = YES;
				GENERATE_INFOPLIST_FILE = YES;
				INFOPLIST_KEY_UIApplicationSceneManifest_Generation = YES;
				INFOPLIST_KEY_UIApplicationSupportsIndirectInputEvents = YES;
				INFOPLIST_KEY_UILaunchScreen_Generation = YES;
				INFOPLIST_KEY_UISupportedInterfaceOrientations_iPad = "UIInterfaceOrientationPortrait UIInterfaceOrientationPortraitUpsideDown UIInterfaceOrientationLandscapeLeft UIInterfaceOrientationLandscapeRight";
				INFOPLIST_KEY_UISupportedInterfaceOrientations_iPhone = "UIInterfaceOrientationPortrait UIInterfaceOrientationLandscapeLeft UIInterfaceOrientationLandscapeRight";
				LD_RUNPATH_SEARCH_PATHS = (
					"$(inherited)",
					"@executable_path/Frameworks",
				);
				MARKETING_VERSION = 1.0;
				PRODUCT_BUNDLE_IDENTIFIER = com.joshuaramos.MeuDiarioDeLeitura;
				PRODUCT_NAME = "$(TARGET_NAME)";
				SWIFT_EMIT_LOC_STRINGS = YES;
				SWIFT_VERSION = 5.0;
				TARGETED_DEVICE_FAMILY = "1,2";
			};
			name = Release;
		};
		429C68942C0957FB00DCC853 /* Debug */ = {
			isa = XCBuildConfiguration;
			buildSettings = {
				ALWAYS_EMBED_SWIFT_STANDARD_LIBRARIES = YES;
				BUNDLE_LOADER = "$(TEST_HOST)";
				CODE_SIGN_STYLE = Automatic;
				CURRENT_PROJECT_VERSION = 1;
				DEVELOPMENT_TEAM = YXAD2TUP98;
				GENERATE_INFOPLIST_FILE = YES;
				IPHONEOS_DEPLOYMENT_TARGET = 17.5;
				MARKETING_VERSION = 1.0;
				PRODUCT_BUNDLE_IDENTIFIER = com.joshuaramos.MeuDiarioDeLeituraTests;
				PRODUCT_NAME = "$(TARGET_NAME)";
				SWIFT_EMIT_LOC_STRINGS = NO;
				SWIFT_VERSION = 5.0;
				TARGETED_DEVICE_FAMILY = "1,2";
				TEST_HOST = "$(BUILT_PRODUCTS_DIR)/MeuDiarioDeLeitura.app/$(BUNDLE_EXECUTABLE_FOLDER_PATH)/MeuDiarioDeLeitura";
			};
			name = Debug;
		};
		429C68952C0957FB00DCC853 /* Release */ = {
			isa = XCBuildConfiguration;
			buildSettings = {
				ALWAYS_EMBED_SWIFT_STANDARD_LIBRARIES = YES;
				BUNDLE_LOADER = "$(TEST_HOST)";
				CODE_SIGN_STYLE = Automatic;
				CURRENT_PROJECT_VERSION = 1;
				DEVELOPMENT_TEAM = YXAD2TUP98;
				GENERATE_INFOPLIST_FILE = YES;
				IPHONEOS_DEPLOYMENT_TARGET = 17.5;
				MARKETING_VERSION = 1.0;
				PRODUCT_BUNDLE_IDENTIFIER = com.joshuaramos.MeuDiarioDeLeituraTests;
				PRODUCT_NAME = "$(TARGET_NAME)";
				SWIFT_EMIT_LOC_STRINGS = NO;
				SWIFT_VERSION = 5.0;
				TARGETED_DEVICE_FAMILY = "1,2";
				TEST_HOST = "$(BUILT_PRODUCTS_DIR)/MeuDiarioDeLeitura.app/$(BUNDLE_EXECUTABLE_FOLDER_PATH)/MeuDiarioDeLeitura";
			};
			name = Release;
		};
		429C68972C0957FB00DCC853 /* Debug */ = {
			isa = XCBuildConfiguration;
			buildSettings = {
				ALWAYS_EMBED_SWIFT_STANDARD_LIBRARIES = YES;
				CODE_SIGN_STYLE = Automatic;
				CURRENT_PROJECT_VERSION = 1;
				DEVELOPMENT_TEAM = YXAD2TUP98;
				GENERATE_INFOPLIST_FILE = YES;
				MARKETING_VERSION = 1.0;
				PRODUCT_BUNDLE_IDENTIFIER = com.joshuaramos.MeuDiarioDeLeituraUITests;
				PRODUCT_NAME = "$(TARGET_NAME)";
				SWIFT_EMIT_LOC_STRINGS = NO;
				SWIFT_VERSION = 5.0;
				TARGETED_DEVICE_FAMILY = "1,2";
				TEST_TARGET_NAME = MeuDiarioDeLeitura;
			};
			name = Debug;
		};
		429C68982C0957FB00DCC853 /* Release */ = {
			isa = XCBuildConfiguration;
			buildSettings = {
				ALWAYS_EMBED_SWIFT_STANDARD_LIBRARIES = YES;
				CODE_SIGN_STYLE = Automatic;
				CURRENT_PROJECT_VERSION = 1;
				DEVELOPMENT_TEAM = YXAD2TUP98;
				GENERATE_INFOPLIST_FILE = YES;
				MARKETING_VERSION = 1.0;
				PRODUCT_BUNDLE_IDENTIFIER = com.joshuaramos.MeuDiarioDeLeituraUITests;
				PRODUCT_NAME = "$(TARGET_NAME)";
				SWIFT_EMIT_LOC_STRINGS = NO;
				SWIFT_VERSION = 5.0;
				TARGETED_DEVICE_FAMILY = "1,2";
				TEST_TARGET_NAME = MeuDiarioDeLeitura;
			};
			name = Release;
		};
/* End XCBuildConfiguration section */

/* Begin XCConfigurationList section */
		429C68652C0957F900DCC853 /* Build configuration list for PBXProject "MeuDiarioDeLeitura" */ = {
			isa = XCConfigurationList;
			buildConfigurations = (
				429C688E2C0957FB00DCC853 /* Debug */,
				429C688F2C0957FB00DCC853 /* Release */,
			);
			defaultConfigurationIsVisible = 0;
			defaultConfigurationName = Release;
		};
		429C68902C0957FB00DCC853 /* Build configuration list for PBXNativeTarget "MeuDiarioDeLeitura" */ = {
			isa = XCConfigurationList;
			buildConfigurations = (
				429C68912C0957FB00DCC853 /* Debug */,
				429C68922C0957FB00DCC853 /* Release */,
			);
			defaultConfigurationIsVisible = 0;
			defaultConfigurationName = Release;
		};
		429C68932C0957FB00DCC853 /* Build configuration list for PBXNativeTarget "MeuDiarioDeLeituraTests" */ = {
			isa = XCConfigurationList;
			buildConfigurations = (
				429C68942C0957FB00DCC853 /* Debug */,
				429C68952C0957FB00DCC853 /* Release */,
			);
			defaultConfigurationIsVisible = 0;
			defaultConfigurationName = Release;
		};
		429C68962C0957FB00DCC853 /* Build configuration list for PBXNativeTarget "MeuDiarioDeLeituraUITests" */ = {
			isa = XCConfigurationList;
			buildConfigurations = (
				429C68972C0957FB00DCC853 /* Debug */,
				429C68982C0957FB00DCC853 /* Release */,
			);
			defaultConfigurationIsVisible = 0;
			defaultConfigurationName = Release;
		};
/* End XCConfigurationList section */

/* Begin XCVersionGroup section */
		429C68AB2C0CC7D700DCC853 /* BookData.xcdatamodeld */ = {
			isa = XCVersionGroup;
			children = (
				429C68AC2C0CC7D700DCC853 /* BookModel.xcdatamodel */,
			);
			currentVersion = 429C68AC2C0CC7D700DCC853 /* BookModel.xcdatamodel */;
			path = BookData.xcdatamodeld;
			sourceTree = "<group>";
			versionGroupType = wrapper.xcdatamodel;
		};
/* End XCVersionGroup section */
	};
	rootObject = 429C68622C0957F900DCC853 /* Project object */;
}
